// !$*UTF8*$!
{
	archiveVersion = 1;
	classes = {
	};
	objectVersion = 50;
	objects = {

/* Begin PBXBuildFile section */
		9672856FC9BE1182D4B3C773 /* Pods_Smack.framework in Frameworks */ = {isa = PBXBuildFile; fileRef = 0B4A29A2EBFC30E627AE6C3F /* Pods_Smack.framework */; };
		B5A124F8222ED0FD00E05DCB /* AppDelegate.swift in Sources */ = {isa = PBXBuildFile; fileRef = B5A124F7222ED0FD00E05DCB /* AppDelegate.swift */; };
		B5A124FD222ED0FD00E05DCB /* Main.storyboard in Resources */ = {isa = PBXBuildFile; fileRef = B5A124FB222ED0FD00E05DCB /* Main.storyboard */; };
		B5A124FF222ED0FE00E05DCB /* Assets.xcassets in Resources */ = {isa = PBXBuildFile; fileRef = B5A124FE222ED0FE00E05DCB /* Assets.xcassets */; };
		B5A12502222ED0FE00E05DCB /* LaunchScreen.storyboard in Resources */ = {isa = PBXBuildFile; fileRef = B5A12500222ED0FE00E05DCB /* LaunchScreen.storyboard */; };
		B5C23510222EE2BF00C74159 /* SWRevealViewController.m in Sources */ = {isa = PBXBuildFile; fileRef = B5C2350E222EE2BF00C74159 /* SWRevealViewController.m */; };
		B5C23516222EF73700C74159 /* ChatVC.swift in Sources */ = {isa = PBXBuildFile; fileRef = B5C23515222EF73700C74159 /* ChatVC.swift */; };
		B5C23518222EF74100C74159 /* ChannelVC.swift in Sources */ = {isa = PBXBuildFile; fileRef = B5C23517222EF74100C74159 /* ChannelVC.swift */; };
		B5C2351A222F0AB200C74159 /* GradientView.swift in Sources */ = {isa = PBXBuildFile; fileRef = B5C23519222F0AB200C74159 /* GradientView.swift */; };
/* End PBXBuildFile section */

/* Begin PBXFileReference section */
		0B4A29A2EBFC30E627AE6C3F /* Pods_Smack.framework */ = {isa = PBXFileReference; explicitFileType = wrapper.framework; includeInIndex = 0; path = Pods_Smack.framework; sourceTree = BUILT_PRODUCTS_DIR; };
		7B630DF3583DEFBEEB387ADC /* Pods-Smack.release.xcconfig */ = {isa = PBXFileReference; includeInIndex = 1; lastKnownFileType = text.xcconfig; name = "Pods-Smack.release.xcconfig"; path = "Pods/Target Support Files/Pods-Smack/Pods-Smack.release.xcconfig"; sourceTree = "<group>"; };
		B5A124F4222ED0FD00E05DCB /* Smack.app */ = {isa = PBXFileReference; explicitFileType = wrapper.application; includeInIndex = 0; path = Smack.app; sourceTree = BUILT_PRODUCTS_DIR; };
		B5A124F7222ED0FD00E05DCB /* AppDelegate.swift */ = {isa = PBXFileReference; lastKnownFileType = sourcecode.swift; path = AppDelegate.swift; sourceTree = "<group>"; };
		B5A124FC222ED0FD00E05DCB /* Base */ = {isa = PBXFileReference; lastKnownFileType = file.storyboard; name = Base; path = Base.lproj/Main.storyboard; sourceTree = "<group>"; };
		B5A124FE222ED0FE00E05DCB /* Assets.xcassets */ = {isa = PBXFileReference; lastKnownFileType = folder.assetcatalog; path = Assets.xcassets; sourceTree = "<group>"; };
		B5A12501222ED0FE00E05DCB /* Base */ = {isa = PBXFileReference; lastKnownFileType = file.storyboard; name = Base; path = Base.lproj/LaunchScreen.storyboard; sourceTree = "<group>"; };
		B5A12503222ED0FE00E05DCB /* Info.plist */ = {isa = PBXFileReference; lastKnownFileType = text.plist.xml; path = Info.plist; sourceTree = "<group>"; };
		B5C2350D222EE2BE00C74159 /* Smack-Bridging-Header.h */ = {isa = PBXFileReference; lastKnownFileType = sourcecode.c.h; path = "Smack-Bridging-Header.h"; sourceTree = "<group>"; };
		B5C2350E222EE2BF00C74159 /* SWRevealViewController.m */ = {isa = PBXFileReference; fileEncoding = 4; lastKnownFileType = sourcecode.c.objc; path = SWRevealViewController.m; sourceTree = "<group>"; };
		B5C2350F222EE2BF00C74159 /* SWRevealViewController.h */ = {isa = PBXFileReference; fileEncoding = 4; lastKnownFileType = sourcecode.c.h; path = SWRevealViewController.h; sourceTree = "<group>"; };
		B5C23515222EF73700C74159 /* ChatVC.swift */ = {isa = PBXFileReference; lastKnownFileType = sourcecode.swift; path = ChatVC.swift; sourceTree = "<group>"; };
		B5C23517222EF74100C74159 /* ChannelVC.swift */ = {isa = PBXFileReference; lastKnownFileType = sourcecode.swift; path = ChannelVC.swift; sourceTree = "<group>"; };
		B5C23519222F0AB200C74159 /* GradientView.swift */ = {isa = PBXFileReference; lastKnownFileType = sourcecode.swift; path = GradientView.swift; sourceTree = "<group>"; };
		B91DE14830ACE86416AA7A9D /* Pods-Smack.debug.xcconfig */ = {isa = PBXFileReference; includeInIndex = 1; lastKnownFileType = text.xcconfig; name = "Pods-Smack.debug.xcconfig"; path = "Pods/Target Support Files/Pods-Smack/Pods-Smack.debug.xcconfig"; sourceTree = "<group>"; };
/* End PBXFileReference section */

/* Begin PBXFrameworksBuildPhase section */
		B5A124F1222ED0FD00E05DCB /* Frameworks */ = {
			isa = PBXFrameworksBuildPhase;
			buildActionMask = 2147483647;
			files = (
				9672856FC9BE1182D4B3C773 /* Pods_Smack.framework in Frameworks */,
			);
			runOnlyForDeploymentPostprocessing = 0;
		};
/* End PBXFrameworksBuildPhase section */

/* Begin PBXGroup section */
		1305C11FF98719BD3A0212C9 /* Pods */ = {
			isa = PBXGroup;
			children = (
				B91DE14830ACE86416AA7A9D /* Pods-Smack.debug.xcconfig */,
				7B630DF3583DEFBEEB387ADC /* Pods-Smack.release.xcconfig */,
			);
			name = Pods;
			sourceTree = "<group>";
		};
		41BBB18F4B1C3C4309F34D89 /* Frameworks */ = {
			isa = PBXGroup;
			children = (
				0B4A29A2EBFC30E627AE6C3F /* Pods_Smack.framework */,
			);
			name = Frameworks;
			sourceTree = "<group>";
		};
		B5A124EB222ED0FD00E05DCB = {
			isa = PBXGroup;
			children = (
				B5A124F6222ED0FD00E05DCB /* Smack */,
				B5A124F5222ED0FD00E05DCB /* Products */,
				1305C11FF98719BD3A0212C9 /* Pods */,
				41BBB18F4B1C3C4309F34D89 /* Frameworks */,
			);
			sourceTree = "<group>";
		};
		B5A124F5222ED0FD00E05DCB /* Products */ = {
			isa = PBXGroup;
			children = (
				B5A124F4222ED0FD00E05DCB /* Smack.app */,
			);
			name = Products;
			sourceTree = "<group>";
		};
		B5A124F6222ED0FD00E05DCB /* Smack */ = {
			isa = PBXGroup;
			children = (
				B5C23514222EF70100C74159 /* Model */,
				B5C23513222EF6FA00C74159 /* View */,
				B5C23511222EF6E200C74159 /* Controller */,
				B5C2350C222EE26C00C74159 /* External */,
				B5A124F7222ED0FD00E05DCB /* AppDelegate.swift */,
				B5A124FB222ED0FD00E05DCB /* Main.storyboard */,
				B5A124FE222ED0FE00E05DCB /* Assets.xcassets */,
				B5A12500222ED0FE00E05DCB /* LaunchScreen.storyboard */,
				B5A12503222ED0FE00E05DCB /* Info.plist */,
			);
			path = Smack;
			sourceTree = "<group>";
		};
		B5C2350C222EE26C00C74159 /* External */ = {
			isa = PBXGroup;
			children = (
				B5C2350F222EE2BF00C74159 /* SWRevealViewController.h */,
				B5C2350E222EE2BF00C74159 /* SWRevealViewController.m */,
				B5C2350D222EE2BE00C74159 /* Smack-Bridging-Header.h */,
			);
			path = External;
			sourceTree = "<group>";
		};
		B5C23511222EF6E200C74159 /* Controller */ = {
			isa = PBXGroup;
			children = (
				B5C23515222EF73700C74159 /* ChatVC.swift */,
				B5C23517222EF74100C74159 /* ChannelVC.swift */,
			);
			path = Controller;
			sourceTree = "<group>";
		};
		B5C23513222EF6FA00C74159 /* View */ = {
			isa = PBXGroup;
			children = (
				B5C23519222F0AB200C74159 /* GradientView.swift */,
			);
			path = View;
			sourceTree = "<group>";
		};
		B5C23514222EF70100C74159 /* Model */ = {
			isa = PBXGroup;
			children = (
			);
			path = Model;
			sourceTree = "<group>";
		};
/* End PBXGroup section */

/* Begin PBXNativeTarget section */
		B5A124F3222ED0FD00E05DCB /* Smack */ = {
			isa = PBXNativeTarget;
			buildConfigurationList = B5A12506222ED0FE00E05DCB /* Build configuration list for PBXNativeTarget "Smack" */;
			buildPhases = (
				E0A9D2D5227A76A1E92A33A0 /* [CP] Check Pods Manifest.lock */,
				B5A124F0222ED0FD00E05DCB /* Sources */,
				B5A124F1222ED0FD00E05DCB /* Frameworks */,
				B5A124F2222ED0FD00E05DCB /* Resources */,
				6CA6D877BB226E765B2993C7 /* [CP] Embed Pods Frameworks */,
			);
			buildRules = (
			);
			dependencies = (
			);
			name = Smack;
			productName = Smack;
			productReference = B5A124F4222ED0FD00E05DCB /* Smack.app */;
			productType = "com.apple.product-type.application";
		};
/* End PBXNativeTarget section */

/* Begin PBXProject section */
		B5A124EC222ED0FD00E05DCB /* Project object */ = {
			isa = PBXProject;
			attributes = {
				LastSwiftUpdateCheck = 1010;
				LastUpgradeCheck = 1010;
				ORGANIZATIONNAME = "Andrii Diachenko";
				TargetAttributes = {
					B5A124F3222ED0FD00E05DCB = {
						CreatedOnToolsVersion = 10.1;
						LastSwiftMigration = 1010;
					};
				};
			};
			buildConfigurationList = B5A124EF222ED0FD00E05DCB /* Build configuration list for PBXProject "Smack" */;
			compatibilityVersion = "Xcode 9.3";
			developmentRegion = en;
			hasScannedForEncodings = 0;
			knownRegions = (
				en,
				Base,
			);
			mainGroup = B5A124EB222ED0FD00E05DCB;
			productRefGroup = B5A124F5222ED0FD00E05DCB /* Products */;
			projectDirPath = "";
			projectRoot = "";
			targets = (
				B5A124F3222ED0FD00E05DCB /* Smack */,
			);
		};
/* End PBXProject section */

/* Begin PBXResourcesBuildPhase section */
		B5A124F2222ED0FD00E05DCB /* Resources */ = {
			isa = PBXResourcesBuildPhase;
			buildActionMask = 2147483647;
			files = (
				B5A12502222ED0FE00E05DCB /* LaunchScreen.storyboard in Resources */,
				B5A124FF222ED0FE00E05DCB /* Assets.xcassets in Resources */,
				B5A124FD222ED0FD00E05DCB /* Main.storyboard in Resources */,
			);
			runOnlyForDeploymentPostprocessing = 0;
		};
/* End PBXResourcesBuildPhase section */

/* Begin PBXShellScriptBuildPhase section */
		6CA6D877BB226E765B2993C7 /* [CP] Embed Pods Frameworks */ = {
			isa = PBXShellScriptBuildPhase;
			buildActionMask = 2147483647;
			files = (
			);
			inputPaths = (
				"${SRCROOT}/Pods/Target Support Files/Pods-Smack/Pods-Smack-frameworks.sh",
				"${BUILT_PRODUCTS_DIR}/Alamofire/Alamofire.framework",
				"${BUILT_PRODUCTS_DIR}/Socket.IO-Client-Swift/SocketIO.framework",
				"${BUILT_PRODUCTS_DIR}/Starscream/Starscream.framework",
				"${BUILT_PRODUCTS_DIR}/SwiftyJSON/SwiftyJSON.framework",
			);
			name = "[CP] Embed Pods Frameworks";
			outputPaths = (
				"${TARGET_BUILD_DIR}/${FRAMEWORKS_FOLDER_PATH}/Alamofire.framework",
				"${TARGET_BUILD_DIR}/${FRAMEWORKS_FOLDER_PATH}/SocketIO.framework",
				"${TARGET_BUILD_DIR}/${FRAMEWORKS_FOLDER_PATH}/Starscream.framework",
				"${TARGET_BUILD_DIR}/${FRAMEWORKS_FOLDER_PATH}/SwiftyJSON.framework",
			);
			runOnlyForDeploymentPostprocessing = 0;
			shellPath = /bin/sh;
			shellScript = "\"${SRCROOT}/Pods/Target Support Files/Pods-Smack/Pods-Smack-frameworks.sh\"\n";
			showEnvVarsInLog = 0;
		};
		E0A9D2D5227A76A1E92A33A0 /* [CP] Check Pods Manifest.lock */ = {
			isa = PBXShellScriptBuildPhase;
			buildActionMask = 2147483647;
			files = (
			);
			inputPaths = (
				"${PODS_PODFILE_DIR_PATH}/Podfile.lock",
				"${PODS_ROOT}/Manifest.lock",
			);
			name = "[CP] Check Pods Manifest.lock";
			outputPaths = (
				"$(DERIVED_FILE_DIR)/Pods-Smack-checkManifestLockResult.txt",
			);
			runOnlyForDeploymentPostprocessing = 0;
			shellPath = /bin/sh;
			shellScript = "diff \"${PODS_PODFILE_DIR_PATH}/Podfile.lock\" \"${PODS_ROOT}/Manifest.lock\" > /dev/null\nif [ $? != 0 ] ; then\n    # print error to STDERR\n    echo \"error: The sandbox is not in sync with the Podfile.lock. Run 'pod install' or update your CocoaPods installation.\" >&2\n    exit 1\nfi\n# This output is used by Xcode 'outputs' to avoid re-running this script phase.\necho \"SUCCESS\" > \"${SCRIPT_OUTPUT_FILE_0}\"\n";
			showEnvVarsInLog = 0;
		};
/* End PBXShellScriptBuildPhase section */

/* Begin PBXSourcesBuildPhase section */
		B5A124F0222ED0FD00E05DCB /* Sources */ = {
			isa = PBXSourcesBuildPhase;
			buildActionMask = 2147483647;
			files = (
				B5C23518222EF74100C74159 /* ChannelVC.swift in Sources */,
				B5C23516222EF73700C74159 /* ChatVC.swift in Sources */,
				B5C2351A222F0AB200C74159 /* GradientView.swift in Sources */,
				B5A124F8222ED0FD00E05DCB /* AppDelegate.swift in Sources */,
				B5C23510222EE2BF00C74159 /* SWRevealViewController.m in Sources */,
			);
			runOnlyForDeploymentPostprocessing = 0;
		};
/* End PBXSourcesBuildPhase section */

/* Begin PBXVariantGroup section */
		B5A124FB222ED0FD00E05DCB /* Main.storyboard */ = {
			isa = PBXVariantGroup;
			children = (
				B5A124FC222ED0FD00E05DCB /* Base */,
			);
			name = Main.storyboard;
			sourceTree = "<group>";
		};
		B5A12500222ED0FE00E05DCB /* LaunchScreen.storyboard */ = {
			isa = PBXVariantGroup;
			children = (
				B5A12501222ED0FE00E05DCB /* Base */,
			);
			name = LaunchScreen.storyboard;
			sourceTree = "<group>";
		};
/* End PBXVariantGroup section */

/* Begin XCBuildConfiguration section */
		B5A12504222ED0FE00E05DCB /* Debug */ = {
			isa = XCBuildConfiguration;
			buildSettings = {
				ALWAYS_SEARCH_USER_PATHS = NO;
				CLANG_ANALYZER_NONNULL = YES;
				CLANG_ANALYZER_NUMBER_OBJECT_CONVERSION = YES_AGGRESSIVE;
				CLANG_CXX_LANGUAGE_STANDARD = "gnu++14";
				CLANG_CXX_LIBRARY = "libc++";
				CLANG_ENABLE_MODULES = YES;
				CLANG_ENABLE_OBJC_ARC = YES;
				CLANG_ENABLE_OBJC_WEAK = YES;
				CLANG_WARN_BLOCK_CAPTURE_AUTORELEASING = YES;
				CLANG_WARN_BOOL_CONVERSION = YES;
				CLANG_WARN_COMMA = YES;
				CLANG_WARN_CONSTANT_CONVERSION = YES;
				CLANG_WARN_DEPRECATED_OBJC_IMPLEMENTATIONS = YES;
				CLANG_WARN_DIRECT_OBJC_ISA_USAGE = YES_ERROR;
				CLANG_WARN_DOCUMENTATION_COMMENTS = YES;
				CLANG_WARN_EMPTY_BODY = YES;
				CLANG_WARN_ENUM_CONVERSION = YES;
				CLANG_WARN_INFINITE_RECURSION = YES;
				CLANG_WARN_INT_CONVERSION = YES;
				CLANG_WARN_NON_LITERAL_NULL_CONVERSION = YES;
				CLANG_WARN_OBJC_IMPLICIT_RETAIN_SELF = YES;
				CLANG_WARN_OBJC_LITERAL_CONVERSION = YES;
				CLANG_WARN_OBJC_ROOT_CLASS = YES_ERROR;
				CLANG_WARN_RANGE_LOOP_ANALYSIS = YES;
				CLANG_WARN_STRICT_PROTOTYPES = YES;
				CLANG_WARN_SUSPICIOUS_MOVE = YES;
				CLANG_WARN_UNGUARDED_AVAILABILITY = YES_AGGRESSIVE;
				CLANG_WARN_UNREACHABLE_CODE = YES;
				CLANG_WARN__DUPLICATE_METHOD_MATCH = YES;
				CODE_SIGN_IDENTITY = "iPhone Developer";
				COPY_PHASE_STRIP = NO;
				DEBUG_INFORMATION_FORMAT = dwarf;
				ENABLE_STRICT_OBJC_MSGSEND = YES;
				ENABLE_TESTABILITY = YES;
				GCC_C_LANGUAGE_STANDARD = gnu11;
				GCC_DYNAMIC_NO_PIC = NO;
				GCC_NO_COMMON_BLOCKS = YES;
				GCC_OPTIMIZATION_LEVEL = 0;
				GCC_PREPROCESSOR_DEFINITIONS = (
					"DEBUG=1",
					"$(inherited)",
				);
				GCC_WARN_64_TO_32_BIT_CONVERSION = YES;
				GCC_WARN_ABOUT_RETURN_TYPE = YES_ERROR;
				GCC_WARN_UNDECLARED_SELECTOR = YES;
				GCC_WARN_UNINITIALIZED_AUTOS = YES_AGGRESSIVE;
				GCC_WARN_UNUSED_FUNCTION = YES;
				GCC_WARN_UNUSED_VARIABLE = YES;
				IPHONEOS_DEPLOYMENT_TARGET = 12.1;
				MTL_ENABLE_DEBUG_INFO = INCLUDE_SOURCE;
				MTL_FAST_MATH = YES;
				ONLY_ACTIVE_ARCH = YES;
				SDKROOT = iphoneos;
				SWIFT_ACTIVE_COMPILATION_CONDITIONS = DEBUG;
				SWIFT_OPTIMIZATION_LEVEL = "-Onone";
			};
			name = Debug;
		};
		B5A12505222ED0FE00E05DCB /* Release */ = {
			isa = XCBuildConfiguration;
			buildSettings = {
				ALWAYS_SEARCH_USER_PATHS = NO;
				CLANG_ANALYZER_NONNULL = YES;
				CLANG_ANALYZER_NUMBER_OBJECT_CONVERSION = YES_AGGRESSIVE;
				CLANG_CXX_LANGUAGE_STANDARD = "gnu++14";
				CLANG_CXX_LIBRARY = "libc++";
				CLANG_ENABLE_MODULES = YES;
				CLANG_ENABLE_OBJC_ARC = YES;
				CLANG_ENABLE_OBJC_WEAK = YES;
				CLANG_WARN_BLOCK_CAPTURE_AUTORELEASING = YES;
				CLANG_WARN_BOOL_CONVERSION = YES;
				CLANG_WARN_COMMA = YES;
				CLANG_WARN_CONSTANT_CONVERSION = YES;
				CLANG_WARN_DEPRECATED_OBJC_IMPLEMENTATIONS = YES;
				CLANG_WARN_DIRECT_OBJC_ISA_USAGE = YES_ERROR;
				CLANG_WARN_DOCUMENTATION_COMMENTS = YES;
				CLANG_WARN_EMPTY_BODY = YES;
				CLANG_WARN_ENUM_CONVERSION = YES;
				CLANG_WARN_INFINITE_RECURSION = YES;
				CLANG_WARN_INT_CONVERSION = YES;
				CLANG_WARN_NON_LITERAL_NULL_CONVERSION = YES;
				CLANG_WARN_OBJC_IMPLICIT_RETAIN_SELF = YES;
				CLANG_WARN_OBJC_LITERAL_CONVERSION = YES;
				CLANG_WARN_OBJC_ROOT_CLASS = YES_ERROR;
				CLANG_WARN_RANGE_LOOP_ANALYSIS = YES;
				CLANG_WARN_STRICT_PROTOTYPES = YES;
				CLANG_WARN_SUSPICIOUS_MOVE = YES;
				CLANG_WARN_UNGUARDED_AVAILABILITY = YES_AGGRESSIVE;
				CLANG_WARN_UNREACHABLE_CODE = YES;
				CLANG_WARN__DUPLICATE_METHOD_MATCH = YES;
				CODE_SIGN_IDENTITY = "iPhone Developer";
				COPY_PHASE_STRIP = NO;
				DEBUG_INFORMATION_FORMAT = "dwarf-with-dsym";
				ENABLE_NS_ASSERTIONS = NO;
				ENABLE_STRICT_OBJC_MSGSEND = YES;
				GCC_C_LANGUAGE_STANDARD = gnu11;
				GCC_NO_COMMON_BLOCKS = YES;
				GCC_WARN_64_TO_32_BIT_CONVERSION = YES;
				GCC_WARN_ABOUT_RETURN_TYPE = YES_ERROR;
				GCC_WARN_UNDECLARED_SELECTOR = YES;
				GCC_WARN_UNINITIALIZED_AUTOS = YES_AGGRESSIVE;
				GCC_WARN_UNUSED_FUNCTION = YES;
				GCC_WARN_UNUSED_VARIABLE = YES;
				IPHONEOS_DEPLOYMENT_TARGET = 12.1;
				MTL_ENABLE_DEBUG_INFO = NO;
				MTL_FAST_MATH = YES;
				SDKROOT = iphoneos;
				SWIFT_COMPILATION_MODE = wholemodule;
				SWIFT_OPTIMIZATION_LEVEL = "-O";
				VALIDATE_PRODUCT = YES;
			};
			name = Release;
		};
		B5A12507222ED0FE00E05DCB /* Debug */ = {
			isa = XCBuildConfiguration;
			baseConfigurationReference = B91DE14830ACE86416AA7A9D /* Pods-Smack.debug.xcconfig */;
			buildSettings = {
				ASSETCATALOG_COMPILER_APPICON_NAME = AppIcon;
				CLANG_ENABLE_MODULES = YES;
				CODE_SIGN_STYLE = Automatic;
				DEVELOPMENT_TEAM = R9ZN5P3ANH;
				INFOPLIST_FILE = Smack/Info.plist;
				LD_RUNPATH_SEARCH_PATHS = (
					"$(inherited)",
					"@executable_path/Frameworks",
				);
				PRODUCT_BUNDLE_IDENTIFIER = tutorial.Smack;
				PRODUCT_NAME = "$(TARGET_NAME)";
				SWIFT_OBJC_BRIDGING_HEADER = "Smack/External/Smack-Bridging-Header.h";
				SWIFT_OPTIMIZATION_LEVEL = "-Onone";
				SWIFT_VERSION = 4.2;
				TARGETED_DEVICE_FAMILY = "1,2";
			};
			name = Debug;
		};
		B5A12508222ED0FE00E05DCB /* Release */ = {
			isa = XCBuildConfiguration;
			baseConfigurationReference = 7B630DF3583DEFBEEB387ADC /* Pods-Smack.release.xcconfig */;
			buildSettings = {
				ASSETCATALOG_COMPILER_APPICON_NAME = AppIcon;
				CLANG_ENABLE_MODULES = YES;
				CODE_SIGN_STYLE = Automatic;
				DEVELOPMENT_TEAM = R9ZN5P3ANH;
				INFOPLIST_FILE = Smack/Info.plist;
				LD_RUNPATH_SEARCH_PATHS = (
					"$(inherited)",
					"@executable_path/Frameworks",
				);
				PRODUCT_BUNDLE_IDENTIFIER = tutorial.Smack;
				PRODUCT_NAME = "$(TARGET_NAME)";
				SWIFT_OBJC_BRIDGING_HEADER = "Smack/External/Smack-Bridging-Header.h";
				SWIFT_VERSION = 4.2;
				TARGETED_DEVICE_FAMILY = "1,2";
			};
			name = Release;
		};
/* End XCBuildConfiguration section */

/* Begin XCConfigurationList section */
		B5A124EF222ED0FD00E05DCB /* Build configuration list for PBXProject "Smack" */ = {
			isa = XCConfigurationList;
			buildConfigurations = (
				B5A12504222ED0FE00E05DCB /* Debug */,
				B5A12505222ED0FE00E05DCB /* Release */,
			);
			defaultConfigurationIsVisible = 0;
			defaultConfigurationName = Release;
		};
		B5A12506222ED0FE00E05DCB /* Build configuration list for PBXNativeTarget "Smack" */ = {
			isa = XCConfigurationList;
			buildConfigurations = (
				B5A12507222ED0FE00E05DCB /* Debug */,
				B5A12508222ED0FE00E05DCB /* Release */,
			);
			defaultConfigurationIsVisible = 0;
			defaultConfigurationName = Release;
		};
/* End XCConfigurationList section */
	};
	rootObject = B5A124EC222ED0FD00E05DCB /* Project object */;
}
